
# THIS IS AN AUTOGENERATED FILE. DO NOT EDIT THIS FILE DIRECTLY.
# yarn lockfile v1


"@apollo/react-common@^3.1.3":
  version "3.1.3"
  resolved "https://registry.yarnpkg.com/@apollo/react-common/-/react-common-3.1.3.tgz#ddc34f6403f55d47c0da147fd4756dfd7c73dac5"
  integrity sha512-Q7ZjDOeqjJf/AOGxUMdGxKF+JVClRXrYBGVq+SuVFqANRpd68MxtVV2OjCWavsFAN0eqYnRqRUrl7vtUCiJqeg==
  dependencies:
    ts-invariant "^0.4.4"
    tslib "^1.10.0"

"@apollo/react-components@^3.1.3":
  version "3.1.3"
  resolved "https://registry.yarnpkg.com/@apollo/react-components/-/react-components-3.1.3.tgz#8f6726847cd9b0eb4b22586b1a038d29aa8b1da4"
  integrity sha512-H0l2JKDQMz+LkM93QK7j3ThbNXkWQCduN3s3eKxFN3Rdg7rXsrikJWvx2wQ868jmqy0VhwJbS1vYdRLdh114uQ==
  dependencies:
    "@apollo/react-common" "^3.1.3"
    "@apollo/react-hooks" "^3.1.3"
    prop-types "^15.7.2"
    ts-invariant "^0.4.4"
    tslib "^1.10.0"

"@apollo/react-hoc@^3.1.3":
  version "3.1.3"
  resolved "https://registry.yarnpkg.com/@apollo/react-hoc/-/react-hoc-3.1.3.tgz#5742ee74f57611058f5ea1f966c38fc6429dda7b"
  integrity sha512-oCPma0uBVPTcYTR5sOvtMbpaWll4xDBvYfKr6YkDorUcQVeNzFu1LK1kmQjJP64bKsaziKYji5ibFaeCnVptmA==
  dependencies:
    "@apollo/react-common" "^3.1.3"
    "@apollo/react-components" "^3.1.3"
    hoist-non-react-statics "^3.3.0"
    ts-invariant "^0.4.4"
    tslib "^1.10.0"

"@apollo/react-hooks@^3.1.3":
  version "3.1.3"
  resolved "https://registry.yarnpkg.com/@apollo/react-hooks/-/react-hooks-3.1.3.tgz#ad42c7af78e81fee0f30e53242640410d5bd0293"
  integrity sha512-reIRO9xKdfi+B4gT/o/hnXuopUnm7WED/ru8VQydPw+C/KG/05Ssg1ZdxFKHa3oxwiTUIDnevtccIH35POanbA==
  dependencies:
    "@apollo/react-common" "^3.1.3"
    "@wry/equality" "^0.1.9"
    ts-invariant "^0.4.4"
    tslib "^1.10.0"

"@apollo/react-ssr@^3.1.3":
  version "3.1.3"
  resolved "https://registry.yarnpkg.com/@apollo/react-ssr/-/react-ssr-3.1.3.tgz#0791280d5b735f42f87dbfe849564e78843045bc"
  integrity sha512-fUTmEYHxSTX1GA43B8vICxXXplpcEBnDwn0IgdAc3eG0p2YK97ZrJDRFCJ5vD7fyDZsrYhMf+rAI3sd+H2SS+A==
  dependencies:
    "@apollo/react-common" "^3.1.3"
    "@apollo/react-hooks" "^3.1.3"
    tslib "^1.10.0"

"@babel/code-frame@7.5.5", "@babel/code-frame@^7.0.0", "@babel/code-frame@^7.5.5":
  version "7.5.5"
  resolved "https://registry.yarnpkg.com/@babel/code-frame/-/code-frame-7.5.5.tgz#bc0782f6d69f7b7d49531219699b988f669a8f9d"
  integrity sha512-27d4lZoomVyo51VegxI20xZPuSHusqbQag/ztrBC7wegWoQ1nLREPVSKSW8byhTlzTKyNE4ifaTA6lCp7JjpFw==
  dependencies:
    "@babel/highlight" "^7.0.0"

"@babel/core@7.6.0":
  version "7.6.0"
  resolved "https://registry.yarnpkg.com/@babel/core/-/core-7.6.0.tgz#9b00f73554edd67bebc86df8303ef678be3d7b48"
  integrity sha512-FuRhDRtsd6IptKpHXAa+4WPZYY2ZzgowkbLBecEDDSje1X/apG7jQM33or3NdOmjXBKWGOg4JmSiRfUfuTtHXw==
  dependencies:
    "@babel/code-frame" "^7.5.5"